
Microsoft Visual Studio Solution File, Format Version 12.00
# Visual Studio Version 17
VisualStudioVersion = 17.11.35303.130
MinimumVisualStudioVersion = 10.0.40219.1
Project("{FAE04EC0-301F-11D3-BF4B-00C04F79EFBC}") = "RegApi", "RegApi.csproj", "{90965A22-7077-47BD-8296-6609A1684395}"
EndProject
Global
	GlobalSection(SolutionConfigurationPlatforms) = preSolution
		Debug|Any CPU = Debug|Any CPU
		Release|Any CPU = Release|Any CPU
	EndGlobalSection
	GlobalSection(ProjectConfigurationPlatforms) = postSolution
		{90965A22-7077-47BD-8296-6609A1684395}.Debug|Any CPU.ActiveCfg = Debug|Any CPU
		{90965A22-7077-47BD-8296-6609A1684395}.Debug|Any CPU.Build.0 = Debug|Any CPU
		{90965A22-7077-47BD-8296-6609A1684395}.Release|Any CPU.ActiveCfg = Release|Any CPU
		{90965A22-7077-47BD-8296-6609A1684395}.Release|Any CPU.Build.0 = Release|Any CPU
	EndGlobalSection
	GlobalSection(SolutionProperties) = preSolution
		HideSolutionNode = FALSE
	EndGlobalSection
	GlobalSection(ExtensibilityGlobals) = postSolution
		SolutionGuid = {51580F34-C5CE-4C08-9390-9E33C34075EF}
	EndGlobalSection
EndGlobal
